
Microsoft Visual Studio Solution File, Format Version 12.00
# Visual Studio Version 17
VisualStudioVersion = 17.6.33723.286
MinimumVisualStudioVersion = 10.0.40219.1
Project("{FAE04EC0-301F-11D3-BF4B-00C04F79EFBC}") = "CW_D_NET_INTERFACA1", "CW_D_NET_INTERFACA1\CW_D_NET_INTERFACA1.csproj", "{256AD207-498A-46FB-AB5F-6B3F0BE73C30}"
EndProject
Global
	GlobalSection(SolutionConfigurationPlatforms) = preSolution
		Debug|Any CPU = Debug|Any CPU
		Release|Any CPU = Release|Any CPU
	EndGlobalSection
	GlobalSection(ProjectConfigurationPlatforms) = postSolution
		{256AD207-498A-46FB-AB5F-6B3F0BE73C30}.Debug|Any CPU.ActiveCfg = Debug|Any CPU
		{256AD207-498A-46FB-AB5F-6B3F0BE73C30}.Debug|Any CPU.Build.0 = Debug|Any CPU
		{256AD207-498A-46FB-AB5F-6B3F0BE73C30}.Release|Any CPU.ActiveCfg = Release|Any CPU
		{256AD207-498A-46FB-AB5F-6B3F0BE73C30}.Release|Any CPU.Build.0 = Release|Any CPU
	EndGlobalSection
	GlobalSection(SolutionProperties) = preSolution
		HideSolutionNode = FALSE
	EndGlobalSection
	GlobalSection(ExtensibilityGlobals) = postSolution
		SolutionGuid = {36452E40-1ACD-4A01-BA2A-6FE4F1E5C77F}
	EndGlobalSection
EndGlobal
